
Microsoft Visual Studio Solution File, Format Version 12.00
# Visual Studio 15
VisualStudioVersion = 15.0.28307.1082
MinimumVisualStudioVersion = 10.0.40219.1
Project("{FAE04EC0-301F-11D3-BF4B-00C04F79EFBC}") = "BookItt", "BookItt\BookItt.csproj", "{776B01D5-0D94-4C9B-8CFE-AA40F8D895FD}"
EndProject
Global
	GlobalSection(SolutionConfigurationPlatforms) = preSolution
		Debug|Any CPU = Debug|Any CPU
		Release|Any CPU = Release|Any CPU
	EndGlobalSection
	GlobalSection(ProjectConfigurationPlatforms) = postSolution
		{776B01D5-0D94-4C9B-8CFE-AA40F8D895FD}.Debug|Any CPU.ActiveCfg = Debug|Any CPU
		{776B01D5-0D94-4C9B-8CFE-AA40F8D895FD}.Debug|Any CPU.Build.0 = Debug|Any CPU
		{776B01D5-0D94-4C9B-8CFE-AA40F8D895FD}.Release|Any CPU.ActiveCfg = Release|Any CPU
		{776B01D5-0D94-4C9B-8CFE-AA40F8D895FD}.Release|Any CPU.Build.0 = Release|Any CPU
	EndGlobalSection
	GlobalSection(SolutionProperties) = preSolution
		HideSolutionNode = FALSE
	EndGlobalSection
	GlobalSection(ExtensibilityGlobals) = postSolution
		SolutionGuid = {758DC4E0-6318-4E8C-8CE0-DF4CE7FC1D0C}
	EndGlobalSection
EndGlobal
